
Microsoft Visual Studio Solution File, Format Version 12.00
# Visual Studio Version 17
VisualStudioVersion = 17.8.34309.116
MinimumVisualStudioVersion = 10.0.40219.1
Project("{FAE04EC0-301F-11D3-BF4B-00C04F79EFBC}") = "DotNetMauiApp", "DotNetMauiApp\DotNetMauiApp.csproj", "{21B4D131-8903-4085-AD14-8A18ABCCBCAC}"
EndProject
Global
	GlobalSection(SolutionConfigurationPlatforms) = preSolution
		Debug|Any CPU = Debug|Any CPU
		Release|Any CPU = Release|Any CPU
	EndGlobalSection
	GlobalSection(ProjectConfigurationPlatforms) = postSolution
		{21B4D131-8903-4085-AD14-8A18ABCCBCAC}.Debug|Any CPU.ActiveCfg = Debug|Any CPU
		{21B4D131-8903-4085-AD14-8A18ABCCBCAC}.Debug|Any CPU.Build.0 = Debug|Any CPU
		{21B4D131-8903-4085-AD14-8A18ABCCBCAC}.Debug|Any CPU.Deploy.0 = Debug|Any CPU
		{21B4D131-8903-4085-AD14-8A18ABCCBCAC}.Release|Any CPU.ActiveCfg = Release|Any CPU
		{21B4D131-8903-4085-AD14-8A18ABCCBCAC}.Release|Any CPU.Build.0 = Release|Any CPU
		{21B4D131-8903-4085-AD14-8A18ABCCBCAC}.Release|Any CPU.Deploy.0 = Release|Any CPU
	EndGlobalSection
	GlobalSection(SolutionProperties) = preSolution
		HideSolutionNode = FALSE
	EndGlobalSection
	GlobalSection(ExtensibilityGlobals) = postSolution
		SolutionGuid = {4EB7A38E-1563-41BF-83A6-6AFE330608F0}
	EndGlobalSection
EndGlobal
